// !$*UTF8*$!
{
	archiveVersion = 1;
	classes = {
	};
	objectVersion = 46;
	objects = {

/* Begin PBXBuildFile section */
		22070BC2196460C500C53C71 /* UIColor+Utils.m in Sources */ = {isa = PBXBuildFile; fileRef = 22070BC1196460C500C53C71 /* UIColor+Utils.m */; };
		229040F319606EDA007B0D78 /* Foundation.framework in Frameworks */ = {isa = PBXBuildFile; fileRef = 229040F219606EDA007B0D78 /* Foundation.framework */; };
		229040F519606EDA007B0D78 /* CoreGraphics.framework in Frameworks */ = {isa = PBXBuildFile; fileRef = 229040F419606EDA007B0D78 /* CoreGraphics.framework */; };
		229040F719606EDA007B0D78 /* UIKit.framework in Frameworks */ = {isa = PBXBuildFile; fileRef = 229040F619606EDA007B0D78 /* UIKit.framework */; };
		229040FD19606EDA007B0D78 /* InfoPlist.strings in Resources */ = {isa = PBXBuildFile; fileRef = 229040FB19606EDA007B0D78 /* InfoPlist.strings */; };
		229040FF19606EDA007B0D78 /* main.m in Sources */ = {isa = PBXBuildFile; fileRef = 229040FE19606EDA007B0D78 /* main.m */; };
		2290410319606EDA007B0D78 /* AppDelegate.m in Sources */ = {isa = PBXBuildFile; fileRef = 2290410219606EDA007B0D78 /* AppDelegate.m */; };
		2290410619606EDA007B0D78 /* Main_iPhone.storyboard in Resources */ = {isa = PBXBuildFile; fileRef = 2290410419606EDA007B0D78 /* Main_iPhone.storyboard */; };
		2290410919606EDA007B0D78 /* Main_iPad.storyboard in Resources */ = {isa = PBXBuildFile; fileRef = 2290410719606EDA007B0D78 /* Main_iPad.storyboard */; };
		2290410C19606EDA007B0D78 /* ViewController.m in Sources */ = {isa = PBXBuildFile; fileRef = 2290410B19606EDA007B0D78 /* ViewController.m */; };
		2290410E19606EDA007B0D78 /* Images.xcassets in Resources */ = {isa = PBXBuildFile; fileRef = 2290410D19606EDA007B0D78 /* Images.xcassets */; };
		2290411519606EDA007B0D78 /* XCTest.framework in Frameworks */ = {isa = PBXBuildFile; fileRef = 2290411419606EDA007B0D78 /* XCTest.framework */; };
		2290411619606EDA007B0D78 /* Foundation.framework in Frameworks */ = {isa = PBXBuildFile; fileRef = 229040F219606EDA007B0D78 /* Foundation.framework */; };
		2290411719606EDA007B0D78 /* UIKit.framework in Frameworks */ = {isa = PBXBuildFile; fileRef = 229040F619606EDA007B0D78 /* UIKit.framework */; };
		2290411F19606EDA007B0D78 /* InfoPlist.strings in Resources */ = {isa = PBXBuildFile; fileRef = 2290411D19606EDA007B0D78 /* InfoPlist.strings */; };
		2290412119606EDA007B0D78 /* Yet_Another_Text_ClockTests.m in Sources */ = {isa = PBXBuildFile; fileRef = 2290412019606EDA007B0D78 /* Yet_Another_Text_ClockTests.m */; };
		2290412B19606EF3007B0D78 /* podfile in Resources */ = {isa = PBXBuildFile; fileRef = 2290412A19606EF3007B0D78 /* podfile */; };
		CBAF3EBD2D384B21AE8DF363 /* libPods.a in Frameworks */ = {isa = PBXBuildFile; fileRef = 54ADB48F785948FFA3D5315A /* libPods.a */; };
/* End PBXBuildFile section */

/* Begin PBXContainerItemProxy section */
		2290411819606EDA007B0D78 /* PBXContainerItemProxy */ = {
			isa = PBXContainerItemProxy;
			containerPortal = 229040E719606EDA007B0D78 /* Project object */;
			proxyType = 1;
			remoteGlobalIDString = 229040EE19606EDA007B0D78;
			remoteInfo = "Yet Another Text Clock";
		};
/* End PBXContainerItemProxy section */

/* Begin PBXFileReference section */
		22070BC0196460C500C53C71 /* UIColor+Utils.h */ = {isa = PBXFileReference; fileEncoding = 4; lastKnownFileType = sourcecode.c.h; path = "UIColor+Utils.h"; sourceTree = "<group>"; };
		22070BC1196460C500C53C71 /* UIColor+Utils.m */ = {isa = PBXFileReference; fileEncoding = 4; lastKnownFileType = sourcecode.c.objc; path = "UIColor+Utils.m"; sourceTree = "<group>"; };
		229040EF19606EDA007B0D78 /* Yet Another Text Clock.app */ = {isa = PBXFileReference; explicitFileType = wrapper.application; includeInIndex = 0; path = "Yet Another Text Clock.app"; sourceTree = BUILT_PRODUCTS_DIR; };
		229040F219606EDA007B0D78 /* Foundation.framework */ = {isa = PBXFileReference; lastKnownFileType = wrapper.framework; name = Foundation.framework; path = System/Library/Frameworks/Foundation.framework; sourceTree = SDKROOT; };
		229040F419606EDA007B0D78 /* CoreGraphics.framework */ = {isa = PBXFileReference; lastKnownFileType = wrapper.framework; name = CoreGraphics.framework; path = System/Library/Frameworks/CoreGraphics.framework; sourceTree = SDKROOT; };
		229040F619606EDA007B0D78 /* UIKit.framework */ = {isa = PBXFileReference; lastKnownFileType = wrapper.framework; name = UIKit.framework; path = System/Library/Frameworks/UIKit.framework; sourceTree = SDKROOT; };
		229040FA19606EDA007B0D78 /* Yet Another Text Clock-Info.plist */ = {isa = PBXFileReference; lastKnownFileType = text.plist.xml; path = "Yet Another Text Clock-Info.plist"; sourceTree = "<group>"; };
		229040FC19606EDA007B0D78 /* en */ = {isa = PBXFileReference; lastKnownFileType = text.plist.strings; name = en; path = en.lproj/InfoPlist.strings; sourceTree = "<group>"; };
		229040FE19606EDA007B0D78 /* main.m */ = {isa = PBXFileReference; lastKnownFileType = sourcecode.c.objc; path = main.m; sourceTree = "<group>"; };
		2290410019606EDA007B0D78 /* Yet Another Text Clock-Prefix.pch */ = {isa = PBXFileReference; lastKnownFileType = sourcecode.c.h; path = "Yet Another Text Clock-Prefix.pch"; sourceTree = "<group>"; };
		2290410119606EDA007B0D78 /* AppDelegate.h */ = {isa = PBXFileReference; lastKnownFileType = sourcecode.c.h; path = AppDelegate.h; sourceTree = "<group>"; };
		2290410219606EDA007B0D78 /* AppDelegate.m */ = {isa = PBXFileReference; lastKnownFileType = sourcecode.c.objc; path = AppDelegate.m; sourceTree = "<group>"; };
		2290410519606EDA007B0D78 /* Base */ = {isa = PBXFileReference; lastKnownFileType = file.storyboard; name = Base; path = Base.lproj/Main_iPhone.storyboard; sourceTree = "<group>"; };
		2290410819606EDA007B0D78 /* Base */ = {isa = PBXFileReference; lastKnownFileType = file.storyboard; name = Base; path = Base.lproj/Main_iPad.storyboard; sourceTree = "<group>"; };
		2290410A19606EDA007B0D78 /* ViewController.h */ = {isa = PBXFileReference; lastKnownFileType = sourcecode.c.h; path = ViewController.h; sourceTree = "<group>"; };
		2290410B19606EDA007B0D78 /* ViewController.m */ = {isa = PBXFileReference; lastKnownFileType = sourcecode.c.objc; path = ViewController.m; sourceTree = "<group>"; };
		2290410D19606EDA007B0D78 /* Images.xcassets */ = {isa = PBXFileReference; lastKnownFileType = folder.assetcatalog; path = Images.xcassets; sourceTree = "<group>"; };
		2290411319606EDA007B0D78 /* Yet Another Text ClockTests.xctest */ = {isa = PBXFileReference; explicitFileType = wrapper.cfbundle; includeInIndex = 0; path = "Yet Another Text ClockTests.xctest"; sourceTree = BUILT_PRODUCTS_DIR; };
		2290411419606EDA007B0D78 /* XCTest.framework */ = {isa = PBXFileReference; lastKnownFileType = wrapper.framework; name = XCTest.framework; path = Library/Frameworks/XCTest.framework; sourceTree = DEVELOPER_DIR; };
		2290411C19606EDA007B0D78 /* Yet Another Text ClockTests-Info.plist */ = {isa = PBXFileReference; lastKnownFileType = text.plist.xml; path = "Yet Another Text ClockTests-Info.plist"; sourceTree = "<group>"; };
		2290411E19606EDA007B0D78 /* en */ = {isa = PBXFileReference; lastKnownFileType = text.plist.strings; name = en; path = en.lproj/InfoPlist.strings; sourceTree = "<group>"; };
		2290412019606EDA007B0D78 /* Yet_Another_Text_ClockTests.m */ = {isa = PBXFileReference; lastKnownFileType = sourcecode.c.objc; path = Yet_Another_Text_ClockTests.m; sourceTree = "<group>"; };
		2290412A19606EF3007B0D78 /* podfile */ = {isa = PBXFileReference; fileEncoding = 4; lastKnownFileType = text; name = podfile; path = ../podfile; sourceTree = "<group>"; };
		54ADB48F785948FFA3D5315A /* libPods.a */ = {isa = PBXFileReference; explicitFileType = archive.ar; includeInIndex = 0; path = libPods.a; sourceTree = BUILT_PRODUCTS_DIR; };
		572AEE75EB4D4C6AB5D35F47 /* Pods.xcconfig */ = {isa = PBXFileReference; includeInIndex = 1; lastKnownFileType = text.xcconfig; name = Pods.xcconfig; path = Pods/Pods.xcconfig; sourceTree = "<group>"; };
/* End PBXFileReference section */

/* Begin PBXFrameworksBuildPhase section */
		229040EC19606EDA007B0D78 /* Frameworks */ = {
			isa = PBXFrameworksBuildPhase;
			buildActionMask = 2147483647;
			files = (
				229040F519606EDA007B0D78 /* CoreGraphics.framework in Frameworks */,
				229040F719606EDA007B0D78 /* UIKit.framework in Frameworks */,
				229040F319606EDA007B0D78 /* Foundation.framework in Frameworks */,
				CBAF3EBD2D384B21AE8DF363 /* libPods.a in Frameworks */,
			);
			runOnlyForDeploymentPostprocessing = 0;
		};
		2290411019606EDA007B0D78 /* Frameworks */ = {
			isa = PBXFrameworksBuildPhase;
			buildActionMask = 2147483647;
			files = (
				2290411519606EDA007B0D78 /* XCTest.framework in Frameworks */,
				2290411719606EDA007B0D78 /* UIKit.framework in Frameworks */,
				2290411619606EDA007B0D78 /* Foundation.framework in Frameworks */,
			);
			runOnlyForDeploymentPostprocessing = 0;
		};
/* End PBXFrameworksBuildPhase section */

/* Begin PBXGroup section */
		22070BBF1964609900C53C71 /* 3rd Party Classes */ = {
			isa = PBXGroup;
			children = (
				22070BC0196460C500C53C71 /* UIColor+Utils.h */,
				22070BC1196460C500C53C71 /* UIColor+Utils.m */,
			);
			name = "3rd Party Classes";
			sourceTree = "<group>";
		};
		229040E619606EDA007B0D78 = {
			isa = PBXGroup;
			children = (
				229040F819606EDA007B0D78 /* Yet Another Text Clock */,
				2290411A19606EDA007B0D78 /* Yet Another Text ClockTests */,
				229040F119606EDA007B0D78 /* Frameworks */,
				229040F019606EDA007B0D78 /* Products */,
				572AEE75EB4D4C6AB5D35F47 /* Pods.xcconfig */,
			);
			sourceTree = "<group>";
		};
		229040F019606EDA007B0D78 /* Products */ = {
			isa = PBXGroup;
			children = (
				229040EF19606EDA007B0D78 /* Yet Another Text Clock.app */,
				2290411319606EDA007B0D78 /* Yet Another Text ClockTests.xctest */,
			);
			name = Products;
			sourceTree = "<group>";
		};
		229040F119606EDA007B0D78 /* Frameworks */ = {
			isa = PBXGroup;
			children = (
				229040F219606EDA007B0D78 /* Foundation.framework */,
				229040F419606EDA007B0D78 /* CoreGraphics.framework */,
				229040F619606EDA007B0D78 /* UIKit.framework */,
				2290411419606EDA007B0D78 /* XCTest.framework */,
				54ADB48F785948FFA3D5315A /* libPods.a */,
			);
			name = Frameworks;
			sourceTree = "<group>";
		};
		229040F819606EDA007B0D78 /* Yet Another Text Clock */ = {
			isa = PBXGroup;
			children = (
				2290410119606EDA007B0D78 /* AppDelegate.h */,
				2290410219606EDA007B0D78 /* AppDelegate.m */,
				2290410419606EDA007B0D78 /* Main_iPhone.storyboard */,
				2290410719606EDA007B0D78 /* Main_iPad.storyboard */,
				2290410A19606EDA007B0D78 /* ViewController.h */,
				2290410B19606EDA007B0D78 /* ViewController.m */,
				2290410D19606EDA007B0D78 /* Images.xcassets */,
				22070BBF1964609900C53C71 /* 3rd Party Classes */,
				229040F919606EDA007B0D78 /* Supporting Files */,
			);
			path = "Yet Another Text Clock";
			sourceTree = "<group>";
		};
		229040F919606EDA007B0D78 /* Supporting Files */ = {
			isa = PBXGroup;
			children = (
				2290412A19606EF3007B0D78 /* podfile */,
				229040FA19606EDA007B0D78 /* Yet Another Text Clock-Info.plist */,
				229040FB19606EDA007B0D78 /* InfoPlist.strings */,
				229040FE19606EDA007B0D78 /* main.m */,
				2290410019606EDA007B0D78 /* Yet Another Text Clock-Prefix.pch */,
			);
			name = "Supporting Files";
			sourceTree = "<group>";
		};
		2290411A19606EDA007B0D78 /* Yet Another Text ClockTests */ = {
			isa = PBXGroup;
			children = (
				2290412019606EDA007B0D78 /* Yet_Another_Text_ClockTests.m */,
				2290411B19606EDA007B0D78 /* Supporting Files */,
			);
			path = "Yet Another Text ClockTests";
			sourceTree = "<group>";
		};
		2290411B19606EDA007B0D78 /* Supporting Files */ = {
			isa = PBXGroup;
			children = (
				2290411C19606EDA007B0D78 /* Yet Another Text ClockTests-Info.plist */,
				2290411D19606EDA007B0D78 /* InfoPlist.strings */,
			);
			name = "Supporting Files";
			sourceTree = "<group>";
		};
/* End PBXGroup section */

/* Begin PBXNativeTarget section */
		229040EE19606EDA007B0D78 /* Yet Another Text Clock */ = {
			isa = PBXNativeTarget;
			buildConfigurationList = 2290412419606EDA007B0D78 /* Build configuration list for PBXNativeTarget "Yet Another Text Clock" */;
			buildPhases = (
				508D875BD5AE468BB33FBB23 /* Check Pods Manifest.lock */,
				229040EB19606EDA007B0D78 /* Sources */,
				229040EC19606EDA007B0D78 /* Frameworks */,
				229040ED19606EDA007B0D78 /* Resources */,
				A28733B84DDA4AF682A21BA0 /* Copy Pods Resources */,
			);
			buildRules = (
			);
			dependencies = (
			);
			name = "Yet Another Text Clock";
			productName = "Yet Another Text Clock";
			productReference = 229040EF19606EDA007B0D78 /* Yet Another Text Clock.app */;
			productType = "com.apple.product-type.application";
		};
		2290411219606EDA007B0D78 /* Yet Another Text ClockTests */ = {
			isa = PBXNativeTarget;
			buildConfigurationList = 2290412719606EDA007B0D78 /* Build configuration list for PBXNativeTarget "Yet Another Text ClockTests" */;
			buildPhases = (
				2290410F19606EDA007B0D78 /* Sources */,
				2290411019606EDA007B0D78 /* Frameworks */,
				2290411119606EDA007B0D78 /* Resources */,
			);
			buildRules = (
			);
			dependencies = (
				2290411919606EDA007B0D78 /* PBXTargetDependency */,
			);
			name = "Yet Another Text ClockTests";
			productName = "Yet Another Text ClockTests";
			productReference = 2290411319606EDA007B0D78 /* Yet Another Text ClockTests.xctest */;
			productType = "com.apple.product-type.bundle.unit-test";
		};
/* End PBXNativeTarget section */

/* Begin PBXProject section */
		229040E719606EDA007B0D78 /* Project object */ = {
			isa = PBXProject;
			attributes = {
				LastUpgradeCheck = 0510;
				ORGANIZATIONNAME = "Loganbun Software";
				TargetAttributes = {
					2290411219606EDA007B0D78 = {
						TestTargetID = 229040EE19606EDA007B0D78;
					};
				};
			};
			buildConfigurationList = 229040EA19606EDA007B0D78 /* Build configuration list for PBXProject "Yet Another Text Clock" */;
			compatibilityVersion = "Xcode 3.2";
			developmentRegion = English;
			hasScannedForEncodings = 0;
			knownRegions = (
				en,
				Base,
			);
			mainGroup = 229040E619606EDA007B0D78;
			productRefGroup = 229040F019606EDA007B0D78 /* Products */;
			projectDirPath = "";
			projectRoot = "";
			targets = (
				229040EE19606EDA007B0D78 /* Yet Another Text Clock */,
				2290411219606EDA007B0D78 /* Yet Another Text ClockTests */,
			);
		};
/* End PBXProject section */

/* Begin PBXResourcesBuildPhase section */
		229040ED19606EDA007B0D78 /* Resources */ = {
			isa = PBXResourcesBuildPhase;
			buildActionMask = 2147483647;
			files = (
				2290410919606EDA007B0D78 /* Main_iPad.storyboard in Resources */,
				2290410E19606EDA007B0D78 /* Images.xcassets in Resources */,
				2290412B19606EF3007B0D78 /* podfile in Resources */,
				2290410619606EDA007B0D78 /* Main_iPhone.storyboard in Resources */,
				229040FD19606EDA007B0D78 /* InfoPlist.strings in Resources */,
			);
			runOnlyForDeploymentPostprocessing = 0;
		};
		2290411119606EDA007B0D78 /* Resources */ = {
			isa = PBXResourcesBuildPhase;
			buildActionMask = 2147483647;
			files = (
				2290411F19606EDA007B0D78 /* InfoPlist.strings in Resources */,
			);
			runOnlyForDeploymentPostprocessing = 0;
		};
/* End PBXResourcesBuildPhase section */

/* Begin PBXShellScriptBuildPhase section */
		508D875BD5AE468BB33FBB23 /* Check Pods Manifest.lock */ = {
			isa = PBXShellScriptBuildPhase;
			buildActionMask = 2147483647;
			files = (
			);
			inputPaths = (
			);
			name = "Check Pods Manifest.lock";
			outputPaths = (
			);
			runOnlyForDeploymentPostprocessing = 0;
			shellPath = /bin/sh;
			shellScript = "diff \"${PODS_ROOT}/../Podfile.lock\" \"${PODS_ROOT}/Manifest.lock\" > /dev/null\nif [[ $? != 0 ]] ; then\n    cat << EOM\nerror: The sandbox is not in sync with the Podfile.lock. Run 'pod install' or update your CocoaPods installation.\nEOM\n    exit 1\nfi\n";
			showEnvVarsInLog = 0;
		};
		A28733B84DDA4AF682A21BA0 /* Copy Pods Resources */ = {
			isa = PBXShellScriptBuildPhase;
			buildActionMask = 2147483647;
			files = (
			);
			inputPaths = (
			);
			name = "Copy Pods Resources";
			outputPaths = (
			);
			runOnlyForDeploymentPostprocessing = 0;
			shellPath = /bin/sh;
			shellScript = "\"${SRCROOT}/Pods/Pods-resources.sh\"\n";
			showEnvVarsInLog = 0;
		};
/* End PBXShellScriptBuildPhase section */

/* Begin PBXSourcesBuildPhase section */
		229040EB19606EDA007B0D78 /* Sources */ = {
			isa = PBXSourcesBuildPhase;
			buildActionMask = 2147483647;
			files = (
				2290410C19606EDA007B0D78 /* ViewController.m in Sources */,
				2290410319606EDA007B0D78 /* AppDelegate.m in Sources */,
				229040FF19606EDA007B0D78 /* main.m in Sources */,
				22070BC2196460C500C53C71 /* UIColor+Utils.m in Sources */,
			);
			runOnlyForDeploymentPostprocessing = 0;
		};
		2290410F19606EDA007B0D78 /* Sources */ = {
			isa = PBXSourcesBuildPhase;
			buildActionMask = 2147483647;
			files = (
				2290412119606EDA007B0D78 /* Yet_Another_Text_ClockTests.m in Sources */,
			);
			runOnlyForDeploymentPostprocessing = 0;
		};
/* End PBXSourcesBuildPhase section */

/* Begin PBXTargetDependency section */
		2290411919606EDA007B0D78 /* PBXTargetDependency */ = {
			isa = PBXTargetDependency;
			target = 229040EE19606EDA007B0D78 /* Yet Another Text Clock */;
			targetProxy = 2290411819606EDA007B0D78 /* PBXContainerItemProxy */;
		};
/* End PBXTargetDependency section */

/* Begin PBXVariantGroup section */
		229040FB19606EDA007B0D78 /* InfoPlist.strings */ = {
			isa = PBXVariantGroup;
			children = (
				229040FC19606EDA007B0D78 /* en */,
			);
			name = InfoPlist.strings;
			sourceTree = "<group>";
		};
		2290410419606EDA007B0D78 /* Main_iPhone.storyboard */ = {
			isa = PBXVariantGroup;
			children = (
				2290410519606EDA007B0D78 /* Base */,
			);
			name = Main_iPhone.storyboard;
			sourceTree = "<group>";
		};
		2290410719606EDA007B0D78 /* Main_iPad.storyboard */ = {
			isa = PBXVariantGroup;
			children = (
				2290410819606EDA007B0D78 /* Base */,
			);
			name = Main_iPad.storyboard;
			sourceTree = "<group>";
		};
		2290411D19606EDA007B0D78 /* InfoPlist.strings */ = {
			isa = PBXVariantGroup;
			children = (
				2290411E19606EDA007B0D78 /* en */,
			);
			name = InfoPlist.strings;
			sourceTree = "<group>";
		};
/* End PBXVariantGroup section */

/* Begin XCBuildConfiguration section */
		2290412219606EDA007B0D78 /* Debug */ = {
			isa = XCBuildConfiguration;
			buildSettings = {
				ALWAYS_SEARCH_USER_PATHS = NO;
				CLANG_CXX_LANGUAGE_STANDARD = "gnu++0x";
				CLANG_CXX_LIBRARY = "libc++";
				CLANG_ENABLE_MODULES = YES;
				CLANG_ENABLE_OBJC_ARC = YES;
				CLANG_WARN_BOOL_CONVERSION = YES;
				CLANG_WARN_CONSTANT_CONVERSION = YES;
				CLANG_WARN_DIRECT_OBJC_ISA_USAGE = YES_ERROR;
				CLANG_WARN_EMPTY_BODY = YES;
				CLANG_WARN_ENUM_CONVERSION = YES;
				CLANG_WARN_INT_CONVERSION = YES;
				CLANG_WARN_OBJC_ROOT_CLASS = YES_ERROR;
				CLANG_WARN__DUPLICATE_METHOD_MATCH = YES;
				"CODE_SIGN_IDENTITY[sdk=iphoneos*]" = "iPhone Developer";
				COPY_PHASE_STRIP = NO;
				GCC_C_LANGUAGE_STANDARD = gnu99;
				GCC_DYNAMIC_NO_PIC = NO;
				GCC_OPTIMIZATION_LEVEL = 0;
				GCC_PREPROCESSOR_DEFINITIONS = (
					"DEBUG=1",
					"$(inherited)",
				);
				GCC_SYMBOLS_PRIVATE_EXTERN = NO;
				GCC_WARN_64_TO_32_BIT_CONVERSION = YES;
				GCC_WARN_ABOUT_RETURN_TYPE = YES_ERROR;
				GCC_WARN_UNDECLARED_SELECTOR = YES;
				GCC_WARN_UNINITIALIZED_AUTOS = YES_AGGRESSIVE;
				GCC_WARN_UNUSED_FUNCTION = YES;
				GCC_WARN_UNUSED_VARIABLE = YES;
				IPHONEOS_DEPLOYMENT_TARGET = 7.1;
				ONLY_ACTIVE_ARCH = YES;
				SDKROOT = iphoneos;
				TARGETED_DEVICE_FAMILY = "1,2";
			};
			name = Debug;
		};
		2290412319606EDA007B0D78 /* Release */ = {
			isa = XCBuildConfiguration;
			buildSettings = {
				ALWAYS_SEARCH_USER_PATHS = NO;
				CLANG_CXX_LANGUAGE_STANDARD = "gnu++0x";
				CLANG_CXX_LIBRARY = "libc++";
				CLANG_ENABLE_MODULES = YES;
				CLANG_ENABLE_OBJC_ARC = YES;
				CLANG_WARN_BOOL_CONVERSION = YES;
				CLANG_WARN_CONSTANT_CONVERSION = YES;
				CLANG_WARN_DIRECT_OBJC_ISA_USAGE = YES_ERROR;
				CLANG_WARN_EMPTY_BODY = YES;
				CLANG_WARN_ENUM_CONVERSION = YES;
				CLANG_WARN_INT_CONVERSION = YES;
				CLANG_WARN_OBJC_ROOT_CLASS = YES_ERROR;
				CLANG_WARN__DUPLICATE_METHOD_MATCH = YES;
				"CODE_SIGN_IDENTITY[sdk=iphoneos*]" = "iPhone Developer";
				COPY_PHASE_STRIP = YES;
				ENABLE_NS_ASSERTIONS = NO;
				GCC_C_LANGUAGE_STANDARD = gnu99;
				GCC_WARN_64_TO_32_BIT_CONVERSION = YES;
				GCC_WARN_ABOUT_RETURN_TYPE = YES_ERROR;
				GCC_WARN_UNDECLARED_SELECTOR = YES;
				GCC_WARN_UNINITIALIZED_AUTOS = YES_AGGRESSIVE;
				GCC_WARN_UNUSED_FUNCTION = YES;
				GCC_WARN_UNUSED_VARIABLE = YES;
				IPHONEOS_DEPLOYMENT_TARGET = 7.1;
				SDKROOT = iphoneos;
				TARGETED_DEVICE_FAMILY = "1,2";
				VALIDATE_PRODUCT = YES;
			};
			name = Release;
		};
		2290412519606EDA007B0D78 /* Debug */ = {
			isa = XCBuildConfiguration;
			baseConfigurationReference = 572AEE75EB4D4C6AB5D35F47 /* Pods.xcconfig */;
			buildSettings = {
				ASSETCATALOG_COMPILER_APPICON_NAME = AppIcon;
				ASSETCATALOG_COMPILER_LAUNCHIMAGE_NAME = LaunchImage;
				GCC_PRECOMPILE_PREFIX_HEADER = YES;
				GCC_PREFIX_HEADER = "Yet Another Text Clock/Yet Another Text Clock-Prefix.pch";
				INFOPLIST_FILE = "Yet Another Text Clock/Yet Another Text Clock-Info.plist";
				IPHONEOS_DEPLOYMENT_TARGET = 7.1;
				PRODUCT_NAME = "$(TARGET_NAME)";
				TARGETED_DEVICE_FAMILY = 1;
				WRAPPER_EXTENSION = app;
			};
			name = Debug;
		};
		2290412619606EDA007B0D78 /* Release */ = {
			isa = XCBuildConfiguration;
			baseConfigurationReference = 572AEE75EB4D4C6AB5D35F47 /* Pods.xcconfig */;
			buildSettings = {
				ASSETCATALOG_COMPILER_APPICON_NAME = AppIcon;
				ASSETCATALOG_COMPILER_LAUNCHIMAGE_NAME = LaunchImage;
				GCC_PRECOMPILE_PREFIX_HEADER = YES;
				GCC_PREFIX_HEADER = "Yet Another Text Clock/Yet Another Text Clock-Prefix.pch";
				INFOPLIST_FILE = "Yet Another Text Clock/Yet Another Text Clock-Info.plist";
				IPHONEOS_DEPLOYMENT_TARGET = 7.1;
				PRODUCT_NAME = "$(TARGET_NAME)";
				TARGETED_DEVICE_FAMILY = 1;
				WRAPPER_EXTENSION = app;
			};
			name = Release;
		};
		2290412819606EDA007B0D78 /* Debug */ = {
			isa = XCBuildConfiguration;
			buildSettings = {
				BUNDLE_LOADER = "$(BUILT_PRODUCTS_DIR)/Yet Another Text Clock.app/Yet Another Text Clock";
				FRAMEWORK_SEARCH_PATHS = (
					"$(SDKROOT)/Developer/Library/Frameworks",
					"$(inherited)",
					"$(DEVELOPER_FRAMEWORKS_DIR)",
				);
				GCC_PRECOMPILE_PREFIX_HEADER = YES;
				GCC_PREFIX_HEADER = "Yet Another Text Clock/Yet Another Text Clock-Prefix.pch";
				GCC_PREPROCESSOR_DEFINITIONS = (
					"DEBUG=1",
					"$(inherited)",
				);
				INFOPLIST_FILE = "Yet Another Text ClockTests/Yet Another Text ClockTests-Info.plist";
				PRODUCT_NAME = "$(TARGET_NAME)";
				TEST_HOST = "$(BUNDLE_LOADER)";
				WRAPPER_EXTENSION = xctest;
			};
			name = Debug;
		};
		2290412919606EDA007B0D78 /* Release */ = {
			isa = XCBuildConfiguration;
			buildSettings = {
				BUNDLE_LOADER = "$(BUILT_PRODUCTS_DIR)/Yet Another Text Clock.app/Yet Another Text Clock";
				FRAMEWORK_SEARCH_PATHS = (
					"$(SDKROOT)/Developer/Library/Frameworks",
					"$(inherited)",
					"$(DEVELOPER_FRAMEWORKS_DIR)",
				);
				GCC_PRECOMPILE_PREFIX_HEADER = YES;
				GCC_PREFIX_HEADER = "Yet Another Text Clock/Yet Another Text Clock-Prefix.pch";
				INFOPLIST_FILE = "Yet Another Text ClockTests/Yet Another Text ClockTests-Info.plist";
				PRODUCT_NAME = "$(TARGET_NAME)";
				TEST_HOST = "$(BUNDLE_LOADER)";
				WRAPPER_EXTENSION = xctest;
			};
			name = Release;
		};
/* End XCBuildConfiguration section */

/* Begin XCConfigurationList section */
		229040EA19606EDA007B0D78 /* Build configuration list for PBXProject "Yet Another Text Clock" */ = {
			isa = XCConfigurationList;
			buildConfigurations = (
				2290412219606EDA007B0D78 /* Debug */,
				2290412319606EDA007B0D78 /* Release */,
			);
			defaultConfigurationIsVisible = 0;
			defaultConfigurationName = Release;
		};
		2290412419606EDA007B0D78 /* Build configuration list for PBXNativeTarget "Yet Another Text Clock" */ = {
			isa = XCConfigurationList;
			buildConfigurations = (
				2290412519606EDA007B0D78 /* Debug */,
				2290412619606EDA007B0D78 /* Release */,
			);
			defaultConfigurationIsVisible = 0;
			defaultConfigurationName = Release;
		};
		2290412719606EDA007B0D78 /* Build configuration list for PBXNativeTarget "Yet Another Text ClockTests" */ = {
			isa = XCConfigurationList;
			buildConfigurations = (
				2290412819606EDA007B0D78 /* Debug */,
				2290412919606EDA007B0D78 /* Release */,
			);
			defaultConfigurationIsVisible = 0;
			defaultConfigurationName = Release;
		};
/* End XCConfigurationList section */
	};
	rootObject = 229040E719606EDA007B0D78 /* Project object */;
}
